
Microsoft Visual Studio Solution File, Format Version 12.00
# Visual Studio 15
VisualStudioVersion = 15.0.27703.2035
MinimumVisualStudioVersion = 10.0.40219.1
Project("{9A19103F-16F7-4668-BE54-9A1E7A4F7556}") = "GM.PPAP.ServiceSDK", "GM.PPAP.ServiceSDK\GM.PPAP.ServiceSDK.csproj", "{9C14B673-3911-4ECA-A0B3-11A9C40156BF}"
EndProject
Project("{9A19103F-16F7-4668-BE54-9A1E7A4F7556}") = "GM.PPAP.ServiceSDK.Tests", "GM.PPAP.ServiceSDK.Tests\GM.PPAP.ServiceSDK.Tests.csproj", "{CCD4D8EA-1712-4620-A6CD-3EF0F4D19A59}"
EndProject
Project("{FAE04EC0-301F-11D3-BF4B-00C04F79EFBC}") = "TestRunner", "TestRunner\TestRunner.csproj", "{1EAB6C0D-EC77-4B8C-924D-BCB7B6DEEEBC}"
EndProject
Global
	GlobalSection(SolutionConfigurationPlatforms) = preSolution
		Debug|Any CPU = Debug|Any CPU
		Release|Any CPU = Release|Any CPU
	EndGlobalSection
	GlobalSection(ProjectConfigurationPlatforms) = postSolution
		{9C14B673-3911-4ECA-A0B3-11A9C40156BF}.Debug|Any CPU.ActiveCfg = Debug|Any CPU
		{9C14B673-3911-4ECA-A0B3-11A9C40156BF}.Debug|Any CPU.Build.0 = Debug|Any CPU
		{9C14B673-3911-4ECA-A0B3-11A9C40156BF}.Release|Any CPU.ActiveCfg = Release|Any CPU
		{9C14B673-3911-4ECA-A0B3-11A9C40156BF}.Release|Any CPU.Build.0 = Release|Any CPU
		{CCD4D8EA-1712-4620-A6CD-3EF0F4D19A59}.Debug|Any CPU.ActiveCfg = Debug|Any CPU
		{CCD4D8EA-1712-4620-A6CD-3EF0F4D19A59}.Debug|Any CPU.Build.0 = Debug|Any CPU
		{CCD4D8EA-1712-4620-A6CD-3EF0F4D19A59}.Release|Any CPU.ActiveCfg = Release|Any CPU
		{CCD4D8EA-1712-4620-A6CD-3EF0F4D19A59}.Release|Any CPU.Build.0 = Release|Any CPU
		{1EAB6C0D-EC77-4B8C-924D-BCB7B6DEEEBC}.Debug|Any CPU.ActiveCfg = Debug|Any CPU
		{1EAB6C0D-EC77-4B8C-924D-BCB7B6DEEEBC}.Debug|Any CPU.Build.0 = Debug|Any CPU
		{1EAB6C0D-EC77-4B8C-924D-BCB7B6DEEEBC}.Release|Any CPU.ActiveCfg = Release|Any CPU
		{1EAB6C0D-EC77-4B8C-924D-BCB7B6DEEEBC}.Release|Any CPU.Build.0 = Release|Any CPU
	EndGlobalSection
	GlobalSection(SolutionProperties) = preSolution
		HideSolutionNode = FALSE
	EndGlobalSection
	GlobalSection(ExtensibilityGlobals) = postSolution
		SolutionGuid = {333ADD8A-431C-49D9-912C-63B8643DE63F}
	EndGlobalSection
EndGlobal
